
Microsoft Visual Studio Solution File, Format Version 12.00
# Visual Studio Version 17
VisualStudioVersion = 17.8.34330.188
MinimumVisualStudioVersion = 10.0.40219.1
Project("{9A19103F-16F7-4668-BE54-9A1E7A4F7556}") = "Gui", "Gui\Gui.csproj", "{BC96BED5-4EC8-4D1B-A963-378F056AE9F5}"
EndProject
Project("{9A19103F-16F7-4668-BE54-9A1E7A4F7556}") = "BE", "BE\BE.csproj", "{5411C4A3-9E1D-486B-9A49-9477E4C8898C}"
EndProject
Project("{FAE04EC0-301F-11D3-BF4B-00C04F79EFBC}") = "BE_iTest", "BE_iTest\BE_iTest.csproj", "{81C31A37-B36D-41A8-B43C-15DC64E59160}"
EndProject
Global
	GlobalSection(SolutionConfigurationPlatforms) = preSolution
		Debug|Any CPU = Debug|Any CPU
		Release|Any CPU = Release|Any CPU
	EndGlobalSection
	GlobalSection(ProjectConfigurationPlatforms) = postSolution
		{BC96BED5-4EC8-4D1B-A963-378F056AE9F5}.Debug|Any CPU.ActiveCfg = Debug|Any CPU
		{BC96BED5-4EC8-4D1B-A963-378F056AE9F5}.Debug|Any CPU.Build.0 = Debug|Any CPU
		{BC96BED5-4EC8-4D1B-A963-378F056AE9F5}.Debug|Any CPU.Deploy.0 = Debug|Any CPU
		{BC96BED5-4EC8-4D1B-A963-378F056AE9F5}.Release|Any CPU.ActiveCfg = Release|Any CPU
		{BC96BED5-4EC8-4D1B-A963-378F056AE9F5}.Release|Any CPU.Build.0 = Release|Any CPU
		{BC96BED5-4EC8-4D1B-A963-378F056AE9F5}.Release|Any CPU.Deploy.0 = Release|Any CPU
		{5411C4A3-9E1D-486B-9A49-9477E4C8898C}.Debug|Any CPU.ActiveCfg = Debug|Any CPU
		{5411C4A3-9E1D-486B-9A49-9477E4C8898C}.Debug|Any CPU.Build.0 = Debug|Any CPU
		{5411C4A3-9E1D-486B-9A49-9477E4C8898C}.Release|Any CPU.ActiveCfg = Release|Any CPU
		{5411C4A3-9E1D-486B-9A49-9477E4C8898C}.Release|Any CPU.Build.0 = Release|Any CPU
		{81C31A37-B36D-41A8-B43C-15DC64E59160}.Debug|Any CPU.ActiveCfg = Debug|Any CPU
		{81C31A37-B36D-41A8-B43C-15DC64E59160}.Debug|Any CPU.Build.0 = Debug|Any CPU
		{81C31A37-B36D-41A8-B43C-15DC64E59160}.Release|Any CPU.ActiveCfg = Release|Any CPU
		{81C31A37-B36D-41A8-B43C-15DC64E59160}.Release|Any CPU.Build.0 = Release|Any CPU
	EndGlobalSection
	GlobalSection(SolutionProperties) = preSolution
		HideSolutionNode = FALSE
	EndGlobalSection
	GlobalSection(ExtensibilityGlobals) = postSolution
		SolutionGuid = {5B9F2411-AD76-4BD3-BE1B-51A27391D270}
	EndGlobalSection
EndGlobal
